// !$*UTF8*$!
{
	archiveVersion = 1;
	classes = {
	};
	objectVersion = 56;
	objects = {

/* Begin PBXBuildFile section */
		DB634B5A2A38FC820075A01D /* ResponsiPILL_AppApp.swift in Sources */ = {isa = PBXBuildFile; fileRef = DB634B592A38FC820075A01D /* ResponsiPILL_AppApp.swift */; };
		DB634B5C2A38FC820075A01D /* ContentView.swift in Sources */ = {isa = PBXBuildFile; fileRef = DB634B5B2A38FC820075A01D /* ContentView.swift */; };
		DB634B5E2A38FC840075A01D /* Assets.xcassets in Resources */ = {isa = PBXBuildFile; fileRef = DB634B5D2A38FC840075A01D /* Assets.xcassets */; };
		DB634B612A38FC840075A01D /* Preview Assets.xcassets in Resources */ = {isa = PBXBuildFile; fileRef = DB634B602A38FC840075A01D /* Preview Assets.xcassets */; };
		DB634B682A38FC920075A01D /* Information.swift in Sources */ = {isa = PBXBuildFile; fileRef = DB634B672A38FC920075A01D /* Information.swift */; };
		DB634B6C2A38FCAD0075A01D /* Reminders.swift in Sources */ = {isa = PBXBuildFile; fileRef = DB634B6B2A38FCAD0075A01D /* Reminders.swift */; };
		DBC47AE62A3B473500014474 /* NewToDoView.swift in Sources */ = {isa = PBXBuildFile; fileRef = DBC47AE52A3B473500014474 /* NewToDoView.swift */; };
		DBC47AE82A3B47C700014474 /* ToDoItem.swift in Sources */ = {isa = PBXBuildFile; fileRef = DBC47AE72A3B47C700014474 /* ToDoItem.swift */; };
		DBC47AF02A3B4B3900014474 /* Journal.swift in Sources */ = {isa = PBXBuildFile; fileRef = DBC47AEF2A3B4B3900014474 /* Journal.swift */; };
		DBC47AF32A3B4B9A00014474 /* ToDoList.xcdatamodeld in Sources */ = {isa = PBXBuildFile; fileRef = DBC47AF12A3B4B9A00014474 /* ToDoList.xcdatamodeld */; };
		DBC47AF52A3B698200014474 /* Persistence.swift in Sources */ = {isa = PBXBuildFile; fileRef = DBC47AF42A3B698200014474 /* Persistence.swift */; };
/* End PBXBuildFile section */

/* Begin PBXFileReference section */
		DB634B562A38FC820075A01D /* ResponsiPILL App.app */ = {isa = PBXFileReference; explicitFileType = wrapper.application; includeInIndex = 0; path = "ResponsiPILL App.app"; sourceTree = BUILT_PRODUCTS_DIR; };
		DB634B592A38FC820075A01D /* ResponsiPILL_AppApp.swift */ = {isa = PBXFileReference; lastKnownFileType = sourcecode.swift; path = ResponsiPILL_AppApp.swift; sourceTree = "<group>"; };
		DB634B5B2A38FC820075A01D /* ContentView.swift */ = {isa = PBXFileReference; lastKnownFileType = sourcecode.swift; path = ContentView.swift; sourceTree = "<group>"; };
		DB634B5D2A38FC840075A01D /* Assets.xcassets */ = {isa = PBXFileReference; lastKnownFileType = folder.assetcatalog; path = Assets.xcassets; sourceTree = "<group>"; };
		DB634B602A38FC840075A01D /* Preview Assets.xcassets */ = {isa = PBXFileReference; lastKnownFileType = folder.assetcatalog; path = "Preview Assets.xcassets"; sourceTree = "<group>"; };
		DB634B672A38FC920075A01D /* Information.swift */ = {isa = PBXFileReference; lastKnownFileType = sourcecode.swift; path = Information.swift; sourceTree = "<group>"; };
		DB634B6B2A38FCAD0075A01D /* Reminders.swift */ = {isa = PBXFileReference; lastKnownFileType = sourcecode.swift; path = Reminders.swift; sourceTree = "<group>"; };
		DBC47AE52A3B473500014474 /* NewToDoView.swift */ = {isa = PBXFileReference; lastKnownFileType = sourcecode.swift; path = NewToDoView.swift; sourceTree = "<group>"; };
		DBC47AE72A3B47C700014474 /* ToDoItem.swift */ = {isa = PBXFileReference; lastKnownFileType = sourcecode.swift; path = ToDoItem.swift; sourceTree = "<group>"; };
		DBC47AEF2A3B4B3900014474 /* Journal.swift */ = {isa = PBXFileReference; lastKnownFileType = sourcecode.swift; path = Journal.swift; sourceTree = "<group>"; };
		DBC47AF22A3B4B9A00014474 /* ToDoList.xcdatamodel */ = {isa = PBXFileReference; lastKnownFileType = wrapper.xcdatamodel; path = ToDoList.xcdatamodel; sourceTree = "<group>"; };
		DBC47AF42A3B698200014474 /* Persistence.swift */ = {isa = PBXFileReference; lastKnownFileType = sourcecode.swift; path = Persistence.swift; sourceTree = "<group>"; };
/* End PBXFileReference section */

/* Begin PBXFrameworksBuildPhase section */
		DB634B532A38FC820075A01D /* Frameworks */ = {
			isa = PBXFrameworksBuildPhase;
			buildActionMask = 2147483647;
			files = (
			);
			runOnlyForDeploymentPostprocessing = 0;
		};
/* End PBXFrameworksBuildPhase section */

/* Begin PBXGroup section */
		DB634B4D2A38FC810075A01D = {
			isa = PBXGroup;
			children = (
				DBC47AF12A3B4B9A00014474 /* ToDoList.xcdatamodeld */,
				DB634B582A38FC820075A01D /* ResponsiPILL App */,
				DB634B572A38FC820075A01D /* Products */,
			);
			sourceTree = "<group>";
		};
		DB634B572A38FC820075A01D /* Products */ = {
			isa = PBXGroup;
			children = (
				DB634B562A38FC820075A01D /* ResponsiPILL App.app */,
			);
			name = Products;
			sourceTree = "<group>";
		};
		DB634B582A38FC820075A01D /* ResponsiPILL App */ = {
			isa = PBXGroup;
			children = (
				DB634B592A38FC820075A01D /* ResponsiPILL_AppApp.swift */,
				DBC47AF42A3B698200014474 /* Persistence.swift */,
				DB634B5B2A38FC820075A01D /* ContentView.swift */,
				DBC47AE52A3B473500014474 /* NewToDoView.swift */,
				DBC47AE72A3B47C700014474 /* ToDoItem.swift */,
				DB634B672A38FC920075A01D /* Information.swift */,
				DB634B6B2A38FCAD0075A01D /* Reminders.swift */,
				DBC47AEF2A3B4B3900014474 /* Journal.swift */,
				DB634B5D2A38FC840075A01D /* Assets.xcassets */,
				DB634B5F2A38FC840075A01D /* Preview Content */,
			);
			path = "ResponsiPILL App";
			sourceTree = "<group>";
		};
		DB634B5F2A38FC840075A01D /* Preview Content */ = {
			isa = PBXGroup;
			children = (
				DB634B602A38FC840075A01D /* Preview Assets.xcassets */,
			);
			path = "Preview Content";
			sourceTree = "<group>";
		};
/* End PBXGroup section */

/* Begin PBXNativeTarget section */
		DB634B552A38FC820075A01D /* ResponsiPILL App */ = {
			isa = PBXNativeTarget;
			buildConfigurationList = DB634B642A38FC840075A01D /* Build configuration list for PBXNativeTarget "ResponsiPILL App" */;
			buildPhases = (
				DB634B522A38FC820075A01D /* Sources */,
				DB634B532A38FC820075A01D /* Frameworks */,
				DB634B542A38FC820075A01D /* Resources */,
			);
			buildRules = (
			);
			dependencies = (
			);
			name = "ResponsiPILL App";
			productName = "ResponsiPILL App";
			productReference = DB634B562A38FC820075A01D /* ResponsiPILL App.app */;
			productType = "com.apple.product-type.application";
		};
/* End PBXNativeTarget section */

/* Begin PBXProject section */
		DB634B4E2A38FC810075A01D /* Project object */ = {
			isa = PBXProject;
			attributes = {
				BuildIndependentTargetsInParallel = 1;
				LastSwiftUpdateCheck = 1430;
				LastUpgradeCheck = 1430;
				TargetAttributes = {
					DB634B552A38FC820075A01D = {
						CreatedOnToolsVersion = 14.3.1;
					};
				};
			};
			buildConfigurationList = DB634B512A38FC810075A01D /* Build configuration list for PBXProject "ResponsiPILL App" */;
			compatibilityVersion = "Xcode 14.0";
			developmentRegion = en;
			hasScannedForEncodings = 0;
			knownRegions = (
				en,
				Base,
			);
			mainGroup = DB634B4D2A38FC810075A01D;
			productRefGroup = DB634B572A38FC820075A01D /* Products */;
			projectDirPath = "";
			projectRoot = "";
			targets = (
				DB634B552A38FC820075A01D /* ResponsiPILL App */,
			);
		};
/* End PBXProject section */

/* Begin PBXResourcesBuildPhase section */
		DB634B542A38FC820075A01D /* Resources */ = {
			isa = PBXResourcesBuildPhase;
			buildActionMask = 2147483647;
			files = (
				DB634B612A38FC840075A01D /* Preview Assets.xcassets in Resources */,
				DB634B5E2A38FC840075A01D /* Assets.xcassets in Resources */,
			);
			runOnlyForDeploymentPostprocessing = 0;
		};
/* End PBXResourcesBuildPhase section */

/* Begin PBXSourcesBuildPhase section */
		DB634B522A38FC820075A01D /* Sources */ = {
			isa = PBXSourcesBuildPhase;
			buildActionMask = 2147483647;
			files = (
				DBC47AF52A3B698200014474 /* Persistence.swift in Sources */,
				DB634B6C2A38FCAD0075A01D /* Reminders.swift in Sources */,
				DBC47AE62A3B473500014474 /* NewToDoView.swift in Sources */,
				DB634B682A38FC920075A01D /* Information.swift in Sources */,
				DBC47AF02A3B4B3900014474 /* Journal.swift in Sources */,
				DB634B5C2A38FC820075A01D /* ContentView.swift in Sources */,
				DB634B5A2A38FC820075A01D /* ResponsiPILL_AppApp.swift in Sources */,
				DBC47AE82A3B47C700014474 /* ToDoItem.swift in Sources */,
				DBC47AF32A3B4B9A00014474 /* ToDoList.xcdatamodeld in Sources */,
			);
			runOnlyForDeploymentPostprocessing = 0;
		};
/* End PBXSourcesBuildPhase section */

/* Begin XCBuildConfiguration section */
		DB634B622A38FC840075A01D /* Debug */ = {
			isa = XCBuildConfiguration;
			buildSettings = {
				ALWAYS_SEARCH_USER_PATHS = NO;
				CLANG_ANALYZER_NONNULL = YES;
				CLANG_ANALYZER_NUMBER_OBJECT_CONVERSION = YES_AGGRESSIVE;
				CLANG_CXX_LANGUAGE_STANDARD = "gnu++20";
				CLANG_ENABLE_MODULES = YES;
				CLANG_ENABLE_OBJC_ARC = YES;
				CLANG_ENABLE_OBJC_WEAK = YES;
				CLANG_WARN_BLOCK_CAPTURE_AUTORELEASING = YES;
				CLANG_WARN_BOOL_CONVERSION = YES;
				CLANG_WARN_COMMA = YES;
				CLANG_WARN_CONSTANT_CONVERSION = YES;
				CLANG_WARN_DEPRECATED_OBJC_IMPLEMENTATIONS = YES;
				CLANG_WARN_DIRECT_OBJC_ISA_USAGE = YES_ERROR;
				CLANG_WARN_DOCUMENTATION_COMMENTS = YES;
				CLANG_WARN_EMPTY_BODY = YES;
				CLANG_WARN_ENUM_CONVERSION = YES;
				CLANG_WARN_INFINITE_RECURSION = YES;
				CLANG_WARN_INT_CONVERSION = YES;
				CLANG_WARN_NON_LITERAL_NULL_CONVERSION = YES;
				CLANG_WARN_OBJC_IMPLICIT_RETAIN_SELF = YES;
				CLANG_WARN_OBJC_LITERAL_CONVERSION = YES;
				CLANG_WARN_OBJC_ROOT_CLASS = YES_ERROR;
				CLANG_WARN_QUOTED_INCLUDE_IN_FRAMEWORK_HEADER = YES;
				CLANG_WARN_RANGE_LOOP_ANALYSIS = YES;
				CLANG_WARN_STRICT_PROTOTYPES = YES;
				CLANG_WARN_SUSPICIOUS_MOVE = YES;
				CLANG_WARN_UNGUARDED_AVAILABILITY = YES_AGGRESSIVE;
				CLANG_WARN_UNREACHABLE_CODE = YES;
				CLANG_WARN__DUPLICATE_METHOD_MATCH = YES;
				COPY_PHASE_STRIP = NO;
				DEBUG_INFORMATION_FORMAT = dwarf;
				ENABLE_STRICT_OBJC_MSGSEND = YES;
				ENABLE_TESTABILITY = YES;
				GCC_C_LANGUAGE_STANDARD = gnu11;
				GCC_DYNAMIC_NO_PIC = NO;
				GCC_NO_COMMON_BLOCKS = YES;
				GCC_OPTIMIZATION_LEVEL = 0;
				GCC_PREPROCESSOR_DEFINITIONS = (
					"DEBUG=1",
					"$(inherited)",
				);
				GCC_WARN_64_TO_32_BIT_CONVERSION = YES;
				GCC_WARN_ABOUT_RETURN_TYPE = YES_ERROR;
				GCC_WARN_UNDECLARED_SELECTOR = YES;
				GCC_WARN_UNINITIALIZED_AUTOS = YES_AGGRESSIVE;
				GCC_WARN_UNUSED_FUNCTION = YES;
				GCC_WARN_UNUSED_VARIABLE = YES;
				IPHONEOS_DEPLOYMENT_TARGET = 16.4;
				MTL_ENABLE_DEBUG_INFO = INCLUDE_SOURCE;
				MTL_FAST_MATH = YES;
				ONLY_ACTIVE_ARCH = YES;
				SDKROOT = iphoneos;
				SWIFT_ACTIVE_COMPILATION_CONDITIONS = DEBUG;
				SWIFT_OPTIMIZATION_LEVEL = "-Onone";
			};
			name = Debug;
		};
		DB634B632A38FC840075A01D /* Release */ = {
			isa = XCBuildConfiguration;
			buildSettings = {
				ALWAYS_SEARCH_USER_PATHS = NO;
				CLANG_ANALYZER_NONNULL = YES;
				CLANG_ANALYZER_NUMBER_OBJECT_CONVERSION = YES_AGGRESSIVE;
				CLANG_CXX_LANGUAGE_STANDARD = "gnu++20";
				CLANG_ENABLE_MODULES = YES;
				CLANG_ENABLE_OBJC_ARC = YES;
				CLANG_ENABLE_OBJC_WEAK = YES;
				CLANG_WARN_BLOCK_CAPTURE_AUTORELEASING = YES;
				CLANG_WARN_BOOL_CONVERSION = YES;
				CLANG_WARN_COMMA = YES;
				CLANG_WARN_CONSTANT_CONVERSION = YES;
				CLANG_WARN_DEPRECATED_OBJC_IMPLEMENTATIONS = YES;
				CLANG_WARN_DIRECT_OBJC_ISA_USAGE = YES_ERROR;
				CLANG_WARN_DOCUMENTATION_COMMENTS = YES;
				CLANG_WARN_EMPTY_BODY = YES;
				CLANG_WARN_ENUM_CONVERSION = YES;
				CLANG_WARN_INFINITE_RECURSION = YES;
				CLANG_WARN_INT_CONVERSION = YES;
				CLANG_WARN_NON_LITERAL_NULL_CONVERSION = YES;
				CLANG_WARN_OBJC_IMPLICIT_RETAIN_SELF = YES;
				CLANG_WARN_OBJC_LITERAL_CONVERSION = YES;
				CLANG_WARN_OBJC_ROOT_CLASS = YES_ERROR;
				CLANG_WARN_QUOTED_INCLUDE_IN_FRAMEWORK_HEADER = YES;
				CLANG_WARN_RANGE_LOOP_ANALYSIS = YES;
				CLANG_WARN_STRICT_PROTOTYPES = YES;
				CLANG_WARN_SUSPICIOUS_MOVE = YES;
				CLANG_WARN_UNGUARDED_AVAILABILITY = YES_AGGRESSIVE;
				CLANG_WARN_UNREACHABLE_CODE = YES;
				CLANG_WARN__DUPLICATE_METHOD_MATCH = YES;
				COPY_PHASE_STRIP = NO;
				DEBUG_INFORMATION_FORMAT = "dwarf-with-dsym";
				ENABLE_NS_ASSERTIONS = NO;
				ENABLE_STRICT_OBJC_MSGSEND = YES;
				GCC_C_LANGUAGE_STANDARD = gnu11;
				GCC_NO_COMMON_BLOCKS = YES;
				GCC_WARN_64_TO_32_BIT_CONVERSION = YES;
				GCC_WARN_ABOUT_RETURN_TYPE = YES_ERROR;
				GCC_WARN_UNDECLARED_SELECTOR = YES;
				GCC_WARN_UNINITIALIZED_AUTOS = YES_AGGRESSIVE;
				GCC_WARN_UNUSED_FUNCTION = YES;
				GCC_WARN_UNUSED_VARIABLE = YES;
				IPHONEOS_DEPLOYMENT_TARGET = 16.4;
				MTL_ENABLE_DEBUG_INFO = NO;
				MTL_FAST_MATH = YES;
				SDKROOT = iphoneos;
				SWIFT_COMPILATION_MODE = wholemodule;
				SWIFT_OPTIMIZATION_LEVEL = "-O";
				VALIDATE_PRODUCT = YES;
			};
			name = Release;
		};
		DB634B652A38FC840075A01D /* Debug */ = {
			isa = XCBuildConfiguration;
			buildSettings = {
				ASSETCATALOG_COMPILER_APPICON_NAME = AppIcon;
				ASSETCATALOG_COMPILER_GLOBAL_ACCENT_COLOR_NAME = AccentColor;
				CODE_SIGN_STYLE = Automatic;
				CURRENT_PROJECT_VERSION = 1;
				DEVELOPMENT_ASSET_PATHS = "\"ResponsiPILL App/Preview Content\"";
				DEVELOPMENT_TEAM = ZPW3U64TB3;
				ENABLE_PREVIEWS = YES;
				GENERATE_INFOPLIST_FILE = YES;
				INFOPLIST_KEY_UIApplicationSceneManifest_Generation = YES;
				INFOPLIST_KEY_UIApplicationSupportsIndirectInputEvents = YES;
				INFOPLIST_KEY_UILaunchScreen_Generation = YES;
				INFOPLIST_KEY_UISupportedInterfaceOrientations_iPad = "UIInterfaceOrientationPortrait UIInterfaceOrientationPortraitUpsideDown UIInterfaceOrientationLandscapeLeft UIInterfaceOrientationLandscapeRight";
				INFOPLIST_KEY_UISupportedInterfaceOrientations_iPhone = "UIInterfaceOrientationPortrait UIInterfaceOrientationLandscapeLeft UIInterfaceOrientationLandscapeRight";
				LD_RUNPATH_SEARCH_PATHS = (
					"$(inherited)",
					"@executable_path/Frameworks",
				);
				MARKETING_VERSION = 1.0;
				PRODUCT_BUNDLE_IDENTIFIER = "kwk.ResponsiPILL-App";
				PRODUCT_NAME = "$(TARGET_NAME)";
				SWIFT_EMIT_LOC_STRINGS = YES;
				SWIFT_VERSION = 5.0;
				TARGETED_DEVICE_FAMILY = "1,2";
			};
			name = Debug;
		};
		DB634B662A38FC840075A01D /* Release */ = {
			isa = XCBuildConfiguration;
			buildSettings = {
				ASSETCATALOG_COMPILER_APPICON_NAME = AppIcon;
				ASSETCATALOG_COMPILER_GLOBAL_ACCENT_COLOR_NAME = AccentColor;
				CODE_SIGN_STYLE = Automatic;
				CURRENT_PROJECT_VERSION = 1;
				DEVELOPMENT_ASSET_PATHS = "\"ResponsiPILL App/Preview Content\"";
				DEVELOPMENT_TEAM = ZPW3U64TB3;
				ENABLE_PREVIEWS = YES;
				GENERATE_INFOPLIST_FILE = YES;
				INFOPLIST_KEY_UIApplicationSceneManifest_Generation = YES;
				INFOPLIST_KEY_UIApplicationSupportsIndirectInputEvents = YES;
				INFOPLIST_KEY_UILaunchScreen_Generation = YES;
				INFOPLIST_KEY_UISupportedInterfaceOrientations_iPad = "UIInterfaceOrientationPortrait UIInterfaceOrientationPortraitUpsideDown UIInterfaceOrientationLandscapeLeft UIInterfaceOrientationLandscapeRight";
				INFOPLIST_KEY_UISupportedInterfaceOrientations_iPhone = "UIInterfaceOrientationPortrait UIInterfaceOrientationLandscapeLeft UIInterfaceOrientationLandscapeRight";
				LD_RUNPATH_SEARCH_PATHS = (
					"$(inherited)",
					"@executable_path/Frameworks",
				);
				MARKETING_VERSION = 1.0;
				PRODUCT_BUNDLE_IDENTIFIER = "kwk.ResponsiPILL-App";
				PRODUCT_NAME = "$(TARGET_NAME)";
				SWIFT_EMIT_LOC_STRINGS = YES;
				SWIFT_VERSION = 5.0;
				TARGETED_DEVICE_FAMILY = "1,2";
			};
			name = Release;
		};
/* End XCBuildConfiguration section */

/* Begin XCConfigurationList section */
		DB634B512A38FC810075A01D /* Build configuration list for PBXProject "ResponsiPILL App" */ = {
			isa = XCConfigurationList;
			buildConfigurations = (
				DB634B622A38FC840075A01D /* Debug */,
				DB634B632A38FC840075A01D /* Release */,
			);
			defaultConfigurationIsVisible = 0;
			defaultConfigurationName = Release;
		};
		DB634B642A38FC840075A01D /* Build configuration list for PBXNativeTarget "ResponsiPILL App" */ = {
			isa = XCConfigurationList;
			buildConfigurations = (
				DB634B652A38FC840075A01D /* Debug */,
				DB634B662A38FC840075A01D /* Release */,
			);
			defaultConfigurationIsVisible = 0;
			defaultConfigurationName = Release;
		};
/* End XCConfigurationList section */

/* Begin XCVersionGroup section */
		DBC47AF12A3B4B9A00014474 /* ToDoList.xcdatamodeld */ = {
			isa = XCVersionGroup;
			children = (
				DBC47AF22A3B4B9A00014474 /* ToDoList.xcdatamodel */,
			);
			currentVersion = DBC47AF22A3B4B9A00014474 /* ToDoList.xcdatamodel */;
			path = ToDoList.xcdatamodeld;
			sourceTree = "<group>";
			versionGroupType = wrapper.xcdatamodel;
		};
/* End XCVersionGroup section */
	};
	rootObject = DB634B4E2A38FC810075A01D /* Project object */;
}
